
Microsoft Visual Studio Solution File, Format Version 12.00
# Visual Studio Version 17
VisualStudioVersion = 17.5.002.0
MinimumVisualStudioVersion = 10.0.40219.1
Project("{9A19103F-16F7-4668-BE54-9A1E7A4F7556}") = "Task10", "Task10.csproj", "{2FD88288-6CF6-4019-A30F-6F7E9C842C5F}"
EndProject
Global
	GlobalSection(SolutionConfigurationPlatforms) = preSolution
		Debug|Any CPU = Debug|Any CPU
		Release|Any CPU = Release|Any CPU
	EndGlobalSection
	GlobalSection(ProjectConfigurationPlatforms) = postSolution
		{2FD88288-6CF6-4019-A30F-6F7E9C842C5F}.Debug|Any CPU.ActiveCfg = Debug|Any CPU
		{2FD88288-6CF6-4019-A30F-6F7E9C842C5F}.Debug|Any CPU.Build.0 = Debug|Any CPU
		{2FD88288-6CF6-4019-A30F-6F7E9C842C5F}.Release|Any CPU.ActiveCfg = Release|Any CPU
		{2FD88288-6CF6-4019-A30F-6F7E9C842C5F}.Release|Any CPU.Build.0 = Release|Any CPU
	EndGlobalSection
	GlobalSection(SolutionProperties) = preSolution
		HideSolutionNode = FALSE
	EndGlobalSection
	GlobalSection(ExtensibilityGlobals) = postSolution
		SolutionGuid = {B55DDA64-9EA4-4795-B88D-A8B2996137DB}
	EndGlobalSection
EndGlobal
